
Microsoft Visual Studio Solution File, Format Version 12.00
Project("{FAE04EC0-301F-11D3-BF4B-00C04F79EFBC}") = "Case1", "Case1\Case1.csproj", "{1867BAAE-5526-4613-8F8E-46D998DF9F53}"
EndProject
Global
	GlobalSection(SolutionConfigurationPlatforms) = preSolution
		Debug|Any CPU = Debug|Any CPU
		Release|Any CPU = Release|Any CPU
	EndGlobalSection
	GlobalSection(ProjectConfigurationPlatforms) = postSolution
		{1867BAAE-5526-4613-8F8E-46D998DF9F53}.Debug|Any CPU.ActiveCfg = Debug|Any CPU
		{1867BAAE-5526-4613-8F8E-46D998DF9F53}.Debug|Any CPU.Build.0 = Debug|Any CPU
		{1867BAAE-5526-4613-8F8E-46D998DF9F53}.Release|Any CPU.ActiveCfg = Release|Any CPU
		{1867BAAE-5526-4613-8F8E-46D998DF9F53}.Release|Any CPU.Build.0 = Release|Any CPU
	EndGlobalSection
EndGlobal
